// !$*UTF8*$!
{
	archiveVersion = 1;
	classes = {
	};
	objectVersion = 46;
	objects = {

/* Begin PBXBuildFile section */
		C7BADE911EED945D007B8C96 /* AppDelegate.swift in Sources */ = {isa = PBXBuildFile; fileRef = C7BADE901EED945D007B8C96 /* AppDelegate.swift */; };
		C7BADE931EED945D007B8C96 /* ViewController.swift in Sources */ = {isa = PBXBuildFile; fileRef = C7BADE921EED945D007B8C96 /* ViewController.swift */; };
		C7BADE961EED945D007B8C96 /* Main.storyboard in Resources */ = {isa = PBXBuildFile; fileRef = C7BADE941EED945D007B8C96 /* Main.storyboard */; };
		C7BADE981EED945D007B8C96 /* Assets.xcassets in Resources */ = {isa = PBXBuildFile; fileRef = C7BADE971EED945D007B8C96 /* Assets.xcassets */; };
		C7BADE9B1EED945D007B8C96 /* LaunchScreen.storyboard in Resources */ = {isa = PBXBuildFile; fileRef = C7BADE991EED945D007B8C96 /* LaunchScreen.storyboard */; };
/* End PBXBuildFile section */

/* Begin PBXFileReference section */
		C7BADE8D1EED945D007B8C96 /* DemoNodeSocketIO.app */ = {isa = PBXFileReference; explicitFileType = wrapper.application; includeInIndex = 0; path = DemoNodeSocketIO.app; sourceTree = BUILT_PRODUCTS_DIR; };
		C7BADE901EED945D007B8C96 /* AppDelegate.swift */ = {isa = PBXFileReference; lastKnownFileType = sourcecode.swift; path = AppDelegate.swift; sourceTree = "<group>"; };
		C7BADE921EED945D007B8C96 /* ViewController.swift */ = {isa = PBXFileReference; lastKnownFileType = sourcecode.swift; path = ViewController.swift; sourceTree = "<group>"; };
		C7BADE951EED945D007B8C96 /* Base */ = {isa = PBXFileReference; lastKnownFileType = file.storyboard; name = Base; path = Base.lproj/Main.storyboard; sourceTree = "<group>"; };
		C7BADE971EED945D007B8C96 /* Assets.xcassets */ = {isa = PBXFileReference; lastKnownFileType = folder.assetcatalog; path = Assets.xcassets; sourceTree = "<group>"; };
		C7BADE9A1EED945D007B8C96 /* Base */ = {isa = PBXFileReference; lastKnownFileType = file.storyboard; name = Base; path = Base.lproj/LaunchScreen.storyboard; sourceTree = "<group>"; };
		C7BADE9C1EED945D007B8C96 /* Info.plist */ = {isa = PBXFileReference; lastKnownFileType = text.plist.xml; path = Info.plist; sourceTree = "<group>"; };
/* End PBXFileReference section */

/* Begin PBXFrameworksBuildPhase section */
		C7BADE8A1EED945D007B8C96 /* Frameworks */ = {
			isa = PBXFrameworksBuildPhase;
			buildActionMask = 2147483647;
			files = (
			);
			runOnlyForDeploymentPostprocessing = 0;
		};
/* End PBXFrameworksBuildPhase section */

/* Begin PBXGroup section */
		C7BADE841EED945D007B8C96 = {
			isa = PBXGroup;
			children = (
				C7BADE8F1EED945D007B8C96 /* DemoNodeSocketIO */,
				C7BADE8E1EED945D007B8C96 /* Products */,
			);
			sourceTree = "<group>";
		};
		C7BADE8E1EED945D007B8C96 /* Products */ = {
			isa = PBXGroup;
			children = (
				C7BADE8D1EED945D007B8C96 /* DemoNodeSocketIO.app */,
			);
			name = Products;
			sourceTree = "<group>";
		};
		C7BADE8F1EED945D007B8C96 /* DemoNodeSocketIO */ = {
			isa = PBXGroup;
			children = (
				C7BADE901EED945D007B8C96 /* AppDelegate.swift */,
				C7BADE921EED945D007B8C96 /* ViewController.swift */,
				C7BADE941EED945D007B8C96 /* Main.storyboard */,
				C7BADE971EED945D007B8C96 /* Assets.xcassets */,
				C7BADE991EED945D007B8C96 /* LaunchScreen.storyboard */,
				C7BADE9C1EED945D007B8C96 /* Info.plist */,
			);
			path = DemoNodeSocketIO;
			sourceTree = "<group>";
		};
/* End PBXGroup section */

/* Begin PBXNativeTarget section */
		C7BADE8C1EED945D007B8C96 /* DemoNodeSocketIO */ = {
			isa = PBXNativeTarget;
			buildConfigurationList = C7BADE9F1EED945D007B8C96 /* Build configuration list for PBXNativeTarget "DemoNodeSocketIO" */;
			buildPhases = (
				C7BADE891EED945D007B8C96 /* Sources */,
				C7BADE8A1EED945D007B8C96 /* Frameworks */,
				C7BADE8B1EED945D007B8C96 /* Resources */,
			);
			buildRules = (
			);
			dependencies = (
			);
			name = DemoNodeSocketIO;
			productName = DemoNodeSocketIO;
			productReference = C7BADE8D1EED945D007B8C96 /* DemoNodeSocketIO.app */;
			productType = "com.apple.product-type.application";
		};
/* End PBXNativeTarget section */

/* Begin PBXProject section */
		C7BADE851EED945D007B8C96 /* Project object */ = {
			isa = PBXProject;
			attributes = {
				LastSwiftUpdateCheck = 0820;
				LastUpgradeCheck = 0820;
				ORGANIZATIONNAME = TTung;
				TargetAttributes = {
					C7BADE8C1EED945D007B8C96 = {
						CreatedOnToolsVersion = 8.2.1;
						DevelopmentTeam = 7MRXJH2RYW;
						ProvisioningStyle = Automatic;
					};
				};
			};
			buildConfigurationList = C7BADE881EED945D007B8C96 /* Build configuration list for PBXProject "DemoNodeSocketIO" */;
			compatibilityVersion = "Xcode 3.2";
			developmentRegion = English;
			hasScannedForEncodings = 0;
			knownRegions = (
				en,
				Base,
			);
			mainGroup = C7BADE841EED945D007B8C96;
			productRefGroup = C7BADE8E1EED945D007B8C96 /* Products */;
			projectDirPath = "";
			projectRoot = "";
			targets = (
				C7BADE8C1EED945D007B8C96 /* DemoNodeSocketIO */,
			);
		};
/* End PBXProject section */

/* Begin PBXResourcesBuildPhase section */
		C7BADE8B1EED945D007B8C96 /* Resources */ = {
			isa = PBXResourcesBuildPhase;
			buildActionMask = 2147483647;
			files = (
				C7BADE9B1EED945D007B8C96 /* LaunchScreen.storyboard in Resources */,
				C7BADE981EED945D007B8C96 /* Assets.xcassets in Resources */,
				C7BADE961EED945D007B8C96 /* Main.storyboard in Resources */,
			);
			runOnlyForDeploymentPostprocessing = 0;
		};
/* End PBXResourcesBuildPhase section */

/* Begin PBXSourcesBuildPhase section */
		C7BADE891EED945D007B8C96 /* Sources */ = {
			isa = PBXSourcesBuildPhase;
			buildActionMask = 2147483647;
			files = (
				C7BADE931EED945D007B8C96 /* ViewController.swift in Sources */,
				C7BADE911EED945D007B8C96 /* AppDelegate.swift in Sources */,
			);
			runOnlyForDeploymentPostprocessing = 0;
		};
/* End PBXSourcesBuildPhase section */

/* Begin PBXVariantGroup section */
		C7BADE941EED945D007B8C96 /* Main.storyboard */ = {
			isa = PBXVariantGroup;
			children = (
				C7BADE951EED945D007B8C96 /* Base */,
			);
			name = Main.storyboard;
			sourceTree = "<group>";
		};
		C7BADE991EED945D007B8C96 /* LaunchScreen.storyboard */ = {
			isa = PBXVariantGroup;
			children = (
				C7BADE9A1EED945D007B8C96 /* Base */,
			);
			name = LaunchScreen.storyboard;
			sourceTree = "<group>";
		};
/* End PBXVariantGroup section */

/* Begin XCBuildConfiguration section */
		C7BADE9D1EED945D007B8C96 /* Debug */ = {
			isa = XCBuildConfiguration;
			buildSettings = {
				ALWAYS_SEARCH_USER_PATHS = NO;
				CLANG_ANALYZER_NONNULL = YES;
				CLANG_CXX_LANGUAGE_STANDARD = "gnu++0x";
				CLANG_CXX_LIBRARY = "libc++";
				CLANG_ENABLE_MODULES = YES;
				CLANG_ENABLE_OBJC_ARC = YES;
				CLANG_WARN_BOOL_CONVERSION = YES;
				CLANG_WARN_CONSTANT_CONVERSION = YES;
				CLANG_WARN_DIRECT_OBJC_ISA_USAGE = YES_ERROR;
				CLANG_WARN_DOCUMENTATION_COMMENTS = YES;
				CLANG_WARN_EMPTY_BODY = YES;
				CLANG_WARN_ENUM_CONVERSION = YES;
				CLANG_WARN_INFINITE_RECURSION = YES;
				CLANG_WARN_INT_CONVERSION = YES;
				CLANG_WARN_OBJC_ROOT_CLASS = YES_ERROR;
				CLANG_WARN_SUSPICIOUS_MOVE = YES;
				CLANG_WARN_UNREACHABLE_CODE = YES;
				CLANG_WARN__DUPLICATE_METHOD_MATCH = YES;
				"CODE_SIGN_IDENTITY[sdk=iphoneos*]" = "iPhone Developer";
				COPY_PHASE_STRIP = NO;
				DEBUG_INFORMATION_FORMAT = dwarf;
				ENABLE_STRICT_OBJC_MSGSEND = YES;
				ENABLE_TESTABILITY = YES;
				GCC_C_LANGUAGE_STANDARD = gnu99;
				GCC_DYNAMIC_NO_PIC = NO;
				GCC_NO_COMMON_BLOCKS = YES;
				GCC_OPTIMIZATION_LEVEL = 0;
				GCC_PREPROCESSOR_DEFINITIONS = (
					"DEBUG=1",
					"$(inherited)",
				);
				GCC_WARN_64_TO_32_BIT_CONVERSION = YES;
				GCC_WARN_ABOUT_RETURN_TYPE = YES_ERROR;
				GCC_WARN_UNDECLARED_SELECTOR = YES;
				GCC_WARN_UNINITIALIZED_AUTOS = YES_AGGRESSIVE;
				GCC_WARN_UNUSED_FUNCTION = YES;
				GCC_WARN_UNUSED_VARIABLE = YES;
				IPHONEOS_DEPLOYMENT_TARGET = 10.2;
				MTL_ENABLE_DEBUG_INFO = YES;
				ONLY_ACTIVE_ARCH = YES;
				SDKROOT = iphoneos;
				SWIFT_ACTIVE_COMPILATION_CONDITIONS = DEBUG;
				SWIFT_OPTIMIZATION_LEVEL = "-Onone";
				TARGETED_DEVICE_FAMILY = "1,2";
			};
			name = Debug;
		};
		C7BADE9E1EED945D007B8C96 /* Release */ = {
			isa = XCBuildConfiguration;
			buildSettings = {
				ALWAYS_SEARCH_USER_PATHS = NO;
				CLANG_ANALYZER_NONNULL = YES;
				CLANG_CXX_LANGUAGE_STANDARD = "gnu++0x";
				CLANG_CXX_LIBRARY = "libc++";
				CLANG_ENABLE_MODULES = YES;
				CLANG_ENABLE_OBJC_ARC = YES;
				CLANG_WARN_BOOL_CONVERSION = YES;
				CLANG_WARN_CONSTANT_CONVERSION = YES;
				CLANG_WARN_DIRECT_OBJC_ISA_USAGE = YES_ERROR;
				CLANG_WARN_DOCUMENTATION_COMMENTS = YES;
				CLANG_WARN_EMPTY_BODY = YES;
				CLANG_WARN_ENUM_CONVERSION = YES;
				CLANG_WARN_INFINITE_RECURSION = YES;
				CLANG_WARN_INT_CONVERSION = YES;
				CLANG_WARN_OBJC_ROOT_CLASS = YES_ERROR;
				CLANG_WARN_SUSPICIOUS_MOVE = YES;
				CLANG_WARN_UNREACHABLE_CODE = YES;
				CLANG_WARN__DUPLICATE_METHOD_MATCH = YES;
				"CODE_SIGN_IDENTITY[sdk=iphoneos*]" = "iPhone Developer";
				COPY_PHASE_STRIP = NO;
				DEBUG_INFORMATION_FORMAT = "dwarf-with-dsym";
				ENABLE_NS_ASSERTIONS = NO;
				ENABLE_STRICT_OBJC_MSGSEND = YES;
				GCC_C_LANGUAGE_STANDARD = gnu99;
				GCC_NO_COMMON_BLOCKS = YES;
				GCC_WARN_64_TO_32_BIT_CONVERSION = YES;
				GCC_WARN_ABOUT_RETURN_TYPE = YES_ERROR;
				GCC_WARN_UNDECLARED_SELECTOR = YES;
				GCC_WARN_UNINITIALIZED_AUTOS = YES_AGGRESSIVE;
				GCC_WARN_UNUSED_FUNCTION = YES;
				GCC_WARN_UNUSED_VARIABLE = YES;
				IPHONEOS_DEPLOYMENT_TARGET = 10.2;
				MTL_ENABLE_DEBUG_INFO = NO;
				SDKROOT = iphoneos;
				SWIFT_OPTIMIZATION_LEVEL = "-Owholemodule";
				TARGETED_DEVICE_FAMILY = "1,2";
				VALIDATE_PRODUCT = YES;
			};
			name = Release;
		};
		C7BADEA01EED945D007B8C96 /* Debug */ = {
			isa = XCBuildConfiguration;
			buildSettings = {
				ASSETCATALOG_COMPILER_APPICON_NAME = AppIcon;
				DEVELOPMENT_TEAM = 7MRXJH2RYW;
				INFOPLIST_FILE = DemoNodeSocketIO/Info.plist;
				LD_RUNPATH_SEARCH_PATHS = "$(inherited) @executable_path/Frameworks";
				PRODUCT_BUNDLE_IDENTIFIER = vn.edu.ttung.DemoNodeSocketIO;
				PRODUCT_NAME = "$(TARGET_NAME)";
				SWIFT_VERSION = 3.0;
			};
			name = Debug;
		};
		C7BADEA11EED945D007B8C96 /* Release */ = {
			isa = XCBuildConfiguration;
			buildSettings = {
				ASSETCATALOG_COMPILER_APPICON_NAME = AppIcon;
				DEVELOPMENT_TEAM = 7MRXJH2RYW;
				INFOPLIST_FILE = DemoNodeSocketIO/Info.plist;
				LD_RUNPATH_SEARCH_PATHS = "$(inherited) @executable_path/Frameworks";
				PRODUCT_BUNDLE_IDENTIFIER = vn.edu.ttung.DemoNodeSocketIO;
				PRODUCT_NAME = "$(TARGET_NAME)";
				SWIFT_VERSION = 3.0;
			};
			name = Release;
		};
/* End XCBuildConfiguration section */

/* Begin XCConfigurationList section */
		C7BADE881EED945D007B8C96 /* Build configuration list for PBXProject "DemoNodeSocketIO" */ = {
			isa = XCConfigurationList;
			buildConfigurations = (
				C7BADE9D1EED945D007B8C96 /* Debug */,
				C7BADE9E1EED945D007B8C96 /* Release */,
			);
			defaultConfigurationIsVisible = 0;
			defaultConfigurationName = Release;
		};
		C7BADE9F1EED945D007B8C96 /* Build configuration list for PBXNativeTarget "DemoNodeSocketIO" */ = {
			isa = XCConfigurationList;
			buildConfigurations = (
				C7BADEA01EED945D007B8C96 /* Debug */,
				C7BADEA11EED945D007B8C96 /* Release */,
			);
			defaultConfigurationIsVisible = 0;
		};
/* End XCConfigurationList section */
	};
	rootObject = C7BADE851EED945D007B8C96 /* Project object */;
}
